
Microsoft Visual Studio Solution File, Format Version 12.00
# Visual Studio 15
VisualStudioVersion = 15.0.28010.2003
MinimumVisualStudioVersion = 10.0.40219.1
Project("{FAE04EC0-301F-11D3-BF4B-00C04F79EFBC}") = "WPF lab1 windows application", "WPF lab1 windows application\WPF lab1 windows application.csproj", "{8260CCA4-1FB5-4008-94DB-55878333A278}"
EndProject
Project("{FAE04EC0-301F-11D3-BF4B-00C04F79EFBC}") = "WPF lab1 Navigation Application", "WPF lab1 Navigation Application\WPF lab1 Navigation Application.csproj", "{531CF7A4-7C47-4345-B81A-026134B0D573}"
EndProject
Project("{FAE04EC0-301F-11D3-BF4B-00C04F79EFBC}") = "WPF Lab2 Routed Events", "WPF Lab2 Routed Events\WPF Lab2 Routed Events.csproj", "{8B3597AB-BF54-443B-BC78-078195C8277A}"
EndProject
Project("{FAE04EC0-301F-11D3-BF4B-00C04F79EFBC}") = "WPF Lab3 Item Controls", "WPF Lab3 Item Controls\WPF Lab3 Item Controls.csproj", "{14222A83-A890-401B-9653-2E0953192D87}"
EndProject
Project("{FAE04EC0-301F-11D3-BF4B-00C04F79EFBC}") = "WPF Lab4 Layout Controls", "WPF Lab4 Layout Controls\WPF Lab4 Layout Controls.csproj", "{3AA6658B-6951-4261-A1DD-61DABBFC5B73}"
EndProject
Global
	GlobalSection(SolutionConfigurationPlatforms) = preSolution
		Debug|Any CPU = Debug|Any CPU
		Release|Any CPU = Release|Any CPU
	EndGlobalSection
	GlobalSection(ProjectConfigurationPlatforms) = postSolution
		{8260CCA4-1FB5-4008-94DB-55878333A278}.Debug|Any CPU.ActiveCfg = Debug|Any CPU
		{8260CCA4-1FB5-4008-94DB-55878333A278}.Debug|Any CPU.Build.0 = Debug|Any CPU
		{8260CCA4-1FB5-4008-94DB-55878333A278}.Release|Any CPU.ActiveCfg = Release|Any CPU
		{8260CCA4-1FB5-4008-94DB-55878333A278}.Release|Any CPU.Build.0 = Release|Any CPU
		{531CF7A4-7C47-4345-B81A-026134B0D573}.Debug|Any CPU.ActiveCfg = Debug|Any CPU
		{531CF7A4-7C47-4345-B81A-026134B0D573}.Debug|Any CPU.Build.0 = Debug|Any CPU
		{531CF7A4-7C47-4345-B81A-026134B0D573}.Release|Any CPU.ActiveCfg = Release|Any CPU
		{531CF7A4-7C47-4345-B81A-026134B0D573}.Release|Any CPU.Build.0 = Release|Any CPU
		{8B3597AB-BF54-443B-BC78-078195C8277A}.Debug|Any CPU.ActiveCfg = Debug|Any CPU
		{8B3597AB-BF54-443B-BC78-078195C8277A}.Debug|Any CPU.Build.0 = Debug|Any CPU
		{8B3597AB-BF54-443B-BC78-078195C8277A}.Release|Any CPU.ActiveCfg = Release|Any CPU
		{8B3597AB-BF54-443B-BC78-078195C8277A}.Release|Any CPU.Build.0 = Release|Any CPU
		{14222A83-A890-401B-9653-2E0953192D87}.Debug|Any CPU.ActiveCfg = Debug|Any CPU
		{14222A83-A890-401B-9653-2E0953192D87}.Debug|Any CPU.Build.0 = Debug|Any CPU
		{14222A83-A890-401B-9653-2E0953192D87}.Release|Any CPU.ActiveCfg = Release|Any CPU
		{14222A83-A890-401B-9653-2E0953192D87}.Release|Any CPU.Build.0 = Release|Any CPU
		{3AA6658B-6951-4261-A1DD-61DABBFC5B73}.Debug|Any CPU.ActiveCfg = Debug|Any CPU
		{3AA6658B-6951-4261-A1DD-61DABBFC5B73}.Debug|Any CPU.Build.0 = Debug|Any CPU
		{3AA6658B-6951-4261-A1DD-61DABBFC5B73}.Release|Any CPU.ActiveCfg = Release|Any CPU
		{3AA6658B-6951-4261-A1DD-61DABBFC5B73}.Release|Any CPU.Build.0 = Release|Any CPU
	EndGlobalSection
	GlobalSection(SolutionProperties) = preSolution
		HideSolutionNode = FALSE
	EndGlobalSection
	GlobalSection(ExtensibilityGlobals) = postSolution
		SolutionGuid = {D6618BFD-5987-4B89-BD06-DACFFA1EE780}
	EndGlobalSection
EndGlobal
